
Microsoft Visual Studio Solution File, Format Version 12.00
# Visual Studio 15
VisualStudioVersion = 15.0.27130.2003
MinimumVisualStudioVersion = 10.0.40219.1
Project("{FAE04EC0-301F-11D3-BF4B-00C04F79EFBC}") = "NRules.RuleSharp", "NRules.RuleSharp\NRules.RuleSharp.csproj", "{A64464A8-4372-4862-A256-8A6508FD118A}"
EndProject
Project("{2150E333-8FDC-42A3-9474-1A3956D46DE8}") = "Tests", "Tests", "{30CBAE90-1392-4F49-B718-A1FA7FBBE17F}"
EndProject
Project("{FAE04EC0-301F-11D3-BF4B-00C04F79EFBC}") = "NRules.RuleSharp.IntegrationTests", "NRules.RuleSharp.IntegrationTests\NRules.RuleSharp.IntegrationTests.csproj", "{D87A4572-71CD-4C87-BC5B-DCE8C33486CE}"
EndProject
Global
	GlobalSection(SolutionConfigurationPlatforms) = preSolution
		Debug|Any CPU = Debug|Any CPU
		Release|Any CPU = Release|Any CPU
	EndGlobalSection
	GlobalSection(ProjectConfigurationPlatforms) = postSolution
		{A64464A8-4372-4862-A256-8A6508FD118A}.Debug|Any CPU.ActiveCfg = Debug|Any CPU
		{A64464A8-4372-4862-A256-8A6508FD118A}.Debug|Any CPU.Build.0 = Debug|Any CPU
		{A64464A8-4372-4862-A256-8A6508FD118A}.Release|Any CPU.ActiveCfg = Release|Any CPU
		{A64464A8-4372-4862-A256-8A6508FD118A}.Release|Any CPU.Build.0 = Release|Any CPU
		{D87A4572-71CD-4C87-BC5B-DCE8C33486CE}.Debug|Any CPU.ActiveCfg = Debug|Any CPU
		{D87A4572-71CD-4C87-BC5B-DCE8C33486CE}.Debug|Any CPU.Build.0 = Debug|Any CPU
		{D87A4572-71CD-4C87-BC5B-DCE8C33486CE}.Release|Any CPU.ActiveCfg = Release|Any CPU
		{D87A4572-71CD-4C87-BC5B-DCE8C33486CE}.Release|Any CPU.Build.0 = Release|Any CPU
	EndGlobalSection
	GlobalSection(SolutionProperties) = preSolution
		HideSolutionNode = FALSE
	EndGlobalSection
	GlobalSection(NestedProjects) = preSolution
		{D87A4572-71CD-4C87-BC5B-DCE8C33486CE} = {30CBAE90-1392-4F49-B718-A1FA7FBBE17F}
	EndGlobalSection
	GlobalSection(ExtensibilityGlobals) = postSolution
		SolutionGuid = {3747C14C-101A-4F3E-9BAF-522D9B5D7B60}
	EndGlobalSection
EndGlobal
